
Microsoft Visual Studio Solution File, Format Version 12.00
Project("{FAE04EC0-301F-11D3-BF4B-00C04F79EFBC}") = "DevQuestions.Domain", "src\DevQuestions.Domain\DevQuestions.Domain.csproj", "{68DDF369-A421-4BFE-8CB8-CB4EFD4A22E3}"
EndProject
Project("{2150E333-8FDC-42A3-9474-1A3956D46DE8}") = "src", "src", "{31CD7A27-61F1-4790-AEBE-95A08873B5E5}"
EndProject
Global
	GlobalSection(SolutionConfigurationPlatforms) = preSolution
		Debug|Any CPU = Debug|Any CPU
		Release|Any CPU = Release|Any CPU
	EndGlobalSection
	GlobalSection(ProjectConfigurationPlatforms) = postSolution
		{68DDF369-A421-4BFE-8CB8-CB4EFD4A22E3}.Debug|Any CPU.ActiveCfg = Debug|Any CPU
		{68DDF369-A421-4BFE-8CB8-CB4EFD4A22E3}.Debug|Any CPU.Build.0 = Debug|Any CPU
		{68DDF369-A421-4BFE-8CB8-CB4EFD4A22E3}.Release|Any CPU.ActiveCfg = Release|Any CPU
		{68DDF369-A421-4BFE-8CB8-CB4EFD4A22E3}.Release|Any CPU.Build.0 = Release|Any CPU
	EndGlobalSection
	GlobalSection(NestedProjects) = preSolution
		{68DDF369-A421-4BFE-8CB8-CB4EFD4A22E3} = {31CD7A27-61F1-4790-AEBE-95A08873B5E5}
	EndGlobalSection
EndGlobal
